// !$*UTF8*$!
{
	archiveVersion = 1;
	classes = {
	};
	objectVersion = 56;
	objects = {

/* Begin PBXBuildFile section */
		DD2588642C6A87BE00862B26 /* Icons.swift in Sources */ = {isa = PBXBuildFile; fileRef = DD2588632C6A87BE00862B26 /* Icons.swift */; };
		DD3BA74C2C6E563000004CAF /* Test.swift in Sources */ = {isa = PBXBuildFile; fileRef = DD3BA74B2C6E563000004CAF /* Test.swift */; };
		DD4AA45D2C5854BD00772EEB /* SettingsPlayView.swift in Sources */ = {isa = PBXBuildFile; fileRef = DD4AA45C2C5854BD00772EEB /* SettingsPlayView.swift */; };
		DD54698F2C7211F600ECB58E /* FlashcCard Play.swift in Sources */ = {isa = PBXBuildFile; fileRef = DD54698E2C7211F600ECB58E /* FlashcCard Play.swift */; };
		DD665B0C2C73C227001773D2 /* Barra di progressione.swift in Sources */ = {isa = PBXBuildFile; fileRef = DD665B0B2C73C227001773D2 /* Barra di progressione.swift */; };
		DD8052692C516509003E6A8D /* Main.swift in Sources */ = {isa = PBXBuildFile; fileRef = DD8052682C516509003E6A8D /* Main.swift */; };
		DD80526B2C516509003E6A8D /* HomeView.swift in Sources */ = {isa = PBXBuildFile; fileRef = DD80526A2C516509003E6A8D /* HomeView.swift */; };
		DD80526D2C51650F003E6A8D /* Assets.xcassets in Resources */ = {isa = PBXBuildFile; fileRef = DD80526C2C51650F003E6A8D /* Assets.xcassets */; };
		DD8052712C51650F003E6A8D /* Preview Assets.xcassets in Resources */ = {isa = PBXBuildFile; fileRef = DD8052702C51650F003E6A8D /* Preview Assets.xcassets */; };
		DD80527B2C516511003E6A8D /* RealFlashCardTests.swift in Sources */ = {isa = PBXBuildFile; fileRef = DD80527A2C516511003E6A8D /* RealFlashCardTests.swift */; };
		DD8052852C516511003E6A8D /* RealFlashCardUITests.swift in Sources */ = {isa = PBXBuildFile; fileRef = DD8052842C516511003E6A8D /* RealFlashCardUITests.swift */; };
		DD8052872C516511003E6A8D /* RealFlashCardUITestsLaunchTests.swift in Sources */ = {isa = PBXBuildFile; fileRef = DD8052862C516511003E6A8D /* RealFlashCardUITestsLaunchTests.swift */; };
		DD8052962C51707E003E6A8D /* MainTab.swift in Sources */ = {isa = PBXBuildFile; fileRef = DD8052952C51707E003E6A8D /* MainTab.swift */; };
		DD8052982C5170FF003E6A8D /* Folder.swift in Sources */ = {isa = PBXBuildFile; fileRef = DD8052972C5170FF003E6A8D /* Folder.swift */; };
		DD80529A2C517140003E6A8D /* StatsView.swift in Sources */ = {isa = PBXBuildFile; fileRef = DD8052992C517140003E6A8D /* StatsView.swift */; };
		DD80529D2C517380003E6A8D /* LoadingView.swift in Sources */ = {isa = PBXBuildFile; fileRef = DD80529C2C517380003E6A8D /* LoadingView.swift */; };
		DD8052A22C519BDE003E6A8D /* WelcomeView.swift in Sources */ = {isa = PBXBuildFile; fileRef = DD8052A12C519BDE003E6A8D /* WelcomeView.swift */; };
		DD8FAC502C52BDCA00DF8847 /* SettingsView.swift in Sources */ = {isa = PBXBuildFile; fileRef = DD8FAC4F2C52BDCA00DF8847 /* SettingsView.swift */; };
		DD8FAC632C56FB7400DF8847 /* Flashcard.swift in Sources */ = {isa = PBXBuildFile; fileRef = DD8FAC622C56FB7400DF8847 /* Flashcard.swift */; };
		DD8FAC672C57A68F00DF8847 /* LoadingAIView.swift in Sources */ = {isa = PBXBuildFile; fileRef = DD8FAC662C57A68F00DF8847 /* LoadingAIView.swift */; };
		DD8FAC692C57A6B100DF8847 /* Deck.swift in Sources */ = {isa = PBXBuildFile; fileRef = DD8FAC682C57A6B100DF8847 /* Deck.swift */; };
		DDDD37AB2C69168B00A74D0F /* StreakView.swift in Sources */ = {isa = PBXBuildFile; fileRef = DDDD37AA2C69168B00A74D0F /* StreakView.swift */; };
		DDDD37AD2C69694300A74D0F /* Utilities.swift in Sources */ = {isa = PBXBuildFile; fileRef = DDDD37AC2C69694300A74D0F /* Utilities.swift */; };
		DDDD37AF2C696B6F00A74D0F /* DeckRow.swift in Sources */ = {isa = PBXBuildFile; fileRef = DDDD37AE2C696B6F00A74D0F /* DeckRow.swift */; };
		DDDD37B12C696B8B00A74D0F /* PlayView.swift in Sources */ = {isa = PBXBuildFile; fileRef = DDDD37B02C696B8B00A74D0F /* PlayView.swift */; };
		DDDD37B32C696BB600A74D0F /* CongratulationsView.swift in Sources */ = {isa = PBXBuildFile; fileRef = DDDD37B22C696BB600A74D0F /* CongratulationsView.swift */; };
		DDDD37B72C696CC100A74D0F /* StreakStatusView.swift in Sources */ = {isa = PBXBuildFile; fileRef = DDDD37B62C696CC100A74D0F /* StreakStatusView.swift */; };
		DDDD37C22C69721800A74D0F /* Folder function.swift in Sources */ = {isa = PBXBuildFile; fileRef = DDDD37C12C69721800A74D0F /* Folder function.swift */; };
		DDDD37C42C69723400A74D0F /* DeckStore.swift in Sources */ = {isa = PBXBuildFile; fileRef = DDDD37C32C69723400A74D0F /* DeckStore.swift */; };
		DDDD37CA2C69746000A74D0F /* Models.swift in Sources */ = {isa = PBXBuildFile; fileRef = DDDD37C92C69746000A74D0F /* Models.swift */; };
		DDDD37CC2C69755200A74D0F /* AIMakerView.swift in Sources */ = {isa = PBXBuildFile; fileRef = DDDD37CB2C69755200A74D0F /* AIMakerView.swift */; };
		DDDD37CE2C69762000A74D0F /* FlashcardDetailView.swift in Sources */ = {isa = PBXBuildFile; fileRef = DDDD37CD2C69762000A74D0F /* FlashcardDetailView.swift */; };
		DDDD37D02C69766C00A74D0F /* StatsManager.swift in Sources */ = {isa = PBXBuildFile; fileRef = DDDD37CF2C69766C00A74D0F /* StatsManager.swift */; };
		DDE424EE2C72A0160019DFBD /* Edit.swift in Sources */ = {isa = PBXBuildFile; fileRef = DDE424ED2C72A0160019DFBD /* Edit.swift */; };
		DDE424F02C72A59C0019DFBD /* Deck .swift in Sources */ = {isa = PBXBuildFile; fileRef = DDE424EF2C72A59C0019DFBD /* Deck .swift */; };
/* End PBXBuildFile section */

/* Begin PBXContainerItemProxy section */
		DD8052772C516511003E6A8D /* PBXContainerItemProxy */ = {
			isa = PBXContainerItemProxy;
			containerPortal = DD80525D2C516509003E6A8D /* Project object */;
			proxyType = 1;
			remoteGlobalIDString = DD8052642C516509003E6A8D;
			remoteInfo = RealFlashCard;
		};
		DD8052812C516511003E6A8D /* PBXContainerItemProxy */ = {
			isa = PBXContainerItemProxy;
			containerPortal = DD80525D2C516509003E6A8D /* Project object */;
			proxyType = 1;
			remoteGlobalIDString = DD8052642C516509003E6A8D;
			remoteInfo = RealFlashCard;
		};
/* End PBXContainerItemProxy section */

/* Begin PBXCopyFilesBuildPhase section */
		DD8FAC4E2C52BCC100DF8847 /* Embed Foundation Extensions */ = {
			isa = PBXCopyFilesBuildPhase;
			buildActionMask = 2147483647;
			dstPath = "";
			dstSubfolderSpec = 13;
			files = (
			);
			name = "Embed Foundation Extensions";
			runOnlyForDeploymentPostprocessing = 0;
		};
/* End PBXCopyFilesBuildPhase section */

/* Begin PBXFileReference section */
		DD2588632C6A87BE00862B26 /* Icons.swift */ = {isa = PBXFileReference; lastKnownFileType = sourcecode.swift; path = Icons.swift; sourceTree = "<group>"; };
		DD3BA74B2C6E563000004CAF /* Test.swift */ = {isa = PBXFileReference; lastKnownFileType = sourcecode.swift; path = Test.swift; sourceTree = "<group>"; };
		DD4AA45C2C5854BD00772EEB /* SettingsPlayView.swift */ = {isa = PBXFileReference; lastKnownFileType = sourcecode.swift; path = SettingsPlayView.swift; sourceTree = "<group>"; };
		DD54698E2C7211F600ECB58E /* FlashcCard Play.swift */ = {isa = PBXFileReference; lastKnownFileType = sourcecode.swift; path = "FlashcCard Play.swift"; sourceTree = "<group>"; };
		DD665B0B2C73C227001773D2 /* Barra di progressione.swift */ = {isa = PBXFileReference; lastKnownFileType = sourcecode.swift; path = "Barra di progressione.swift"; sourceTree = "<group>"; };
		DD8052652C516509003E6A8D /* RealFlashCard.app */ = {isa = PBXFileReference; explicitFileType = wrapper.application; includeInIndex = 0; path = RealFlashCard.app; sourceTree = BUILT_PRODUCTS_DIR; };
		DD8052682C516509003E6A8D /* Main.swift */ = {isa = PBXFileReference; lastKnownFileType = sourcecode.swift; path = Main.swift; sourceTree = "<group>"; };
		DD80526A2C516509003E6A8D /* HomeView.swift */ = {isa = PBXFileReference; lastKnownFileType = sourcecode.swift; path = HomeView.swift; sourceTree = "<group>"; };
		DD80526C2C51650F003E6A8D /* Assets.xcassets */ = {isa = PBXFileReference; lastKnownFileType = folder.assetcatalog; path = Assets.xcassets; sourceTree = "<group>"; };
		DD80526E2C51650F003E6A8D /* RealFlashCard.entitlements */ = {isa = PBXFileReference; lastKnownFileType = text.plist.entitlements; path = RealFlashCard.entitlements; sourceTree = "<group>"; };
		DD8052702C51650F003E6A8D /* Preview Assets.xcassets */ = {isa = PBXFileReference; lastKnownFileType = folder.assetcatalog; path = "Preview Assets.xcassets"; sourceTree = "<group>"; };
		DD8052762C516511003E6A8D /* RealFlashCardTests.xctest */ = {isa = PBXFileReference; explicitFileType = wrapper.cfbundle; includeInIndex = 0; path = RealFlashCardTests.xctest; sourceTree = BUILT_PRODUCTS_DIR; };
		DD80527A2C516511003E6A8D /* RealFlashCardTests.swift */ = {isa = PBXFileReference; lastKnownFileType = sourcecode.swift; path = RealFlashCardTests.swift; sourceTree = "<group>"; };
		DD8052802C516511003E6A8D /* RealFlashCardUITests.xctest */ = {isa = PBXFileReference; explicitFileType = wrapper.cfbundle; includeInIndex = 0; path = RealFlashCardUITests.xctest; sourceTree = BUILT_PRODUCTS_DIR; };
		DD8052842C516511003E6A8D /* RealFlashCardUITests.swift */ = {isa = PBXFileReference; lastKnownFileType = sourcecode.swift; path = RealFlashCardUITests.swift; sourceTree = "<group>"; };
		DD8052862C516511003E6A8D /* RealFlashCardUITestsLaunchTests.swift */ = {isa = PBXFileReference; lastKnownFileType = sourcecode.swift; path = RealFlashCardUITestsLaunchTests.swift; sourceTree = "<group>"; };
		DD8052952C51707E003E6A8D /* MainTab.swift */ = {isa = PBXFileReference; lastKnownFileType = sourcecode.swift; path = MainTab.swift; sourceTree = "<group>"; };
		DD8052972C5170FF003E6A8D /* Folder.swift */ = {isa = PBXFileReference; lastKnownFileType = sourcecode.swift; path = Folder.swift; sourceTree = "<group>"; };
		DD8052992C517140003E6A8D /* StatsView.swift */ = {isa = PBXFileReference; lastKnownFileType = sourcecode.swift; path = StatsView.swift; sourceTree = "<group>"; };
		DD80529C2C517380003E6A8D /* LoadingView.swift */ = {isa = PBXFileReference; lastKnownFileType = sourcecode.swift; path = LoadingView.swift; sourceTree = "<group>"; };
		DD8052A12C519BDE003E6A8D /* WelcomeView.swift */ = {isa = PBXFileReference; lastKnownFileType = sourcecode.swift; path = WelcomeView.swift; sourceTree = "<group>"; };
		DD8FAC3F2C52BCC100DF8847 /* AuthenticationServices.framework */ = {isa = PBXFileReference; lastKnownFileType = wrapper.framework; name = AuthenticationServices.framework; path = System/Library/Frameworks/AuthenticationServices.framework; sourceTree = SDKROOT; };
		DD8FAC422C52BCC100DF8847 /* AccountAuthenticationModificationViewController.swift */ = {isa = PBXFileReference; lastKnownFileType = sourcecode.swift; path = AccountAuthenticationModificationViewController.swift; sourceTree = "<group>"; };
		DD8FAC452C52BCC100DF8847 /* Base */ = {isa = PBXFileReference; lastKnownFileType = file.storyboard; name = Base; path = Base.lproj/MainInterface.storyboard; sourceTree = "<group>"; };
		DD8FAC4F2C52BDCA00DF8847 /* SettingsView.swift */ = {isa = PBXFileReference; lastKnownFileType = sourcecode.swift; path = SettingsView.swift; sourceTree = "<group>"; };
		DD8FAC622C56FB7400DF8847 /* Flashcard.swift */ = {isa = PBXFileReference; lastKnownFileType = sourcecode.swift; path = Flashcard.swift; sourceTree = "<group>"; };
		DD8FAC662C57A68F00DF8847 /* LoadingAIView.swift */ = {isa = PBXFileReference; lastKnownFileType = sourcecode.swift; path = LoadingAIView.swift; sourceTree = "<group>"; };
		DD8FAC682C57A6B100DF8847 /* Deck.swift */ = {isa = PBXFileReference; lastKnownFileType = sourcecode.swift; path = Deck.swift; sourceTree = "<group>"; };
		DDDD37AA2C69168B00A74D0F /* StreakView.swift */ = {isa = PBXFileReference; lastKnownFileType = sourcecode.swift; path = StreakView.swift; sourceTree = "<group>"; };
		DDDD37AC2C69694300A74D0F /* Utilities.swift */ = {isa = PBXFileReference; lastKnownFileType = sourcecode.swift; path = Utilities.swift; sourceTree = "<group>"; };
		DDDD37AE2C696B6F00A74D0F /* DeckRow.swift */ = {isa = PBXFileReference; lastKnownFileType = sourcecode.swift; path = DeckRow.swift; sourceTree = "<group>"; };
		DDDD37B02C696B8B00A74D0F /* PlayView.swift */ = {isa = PBXFileReference; lastKnownFileType = sourcecode.swift; path = PlayView.swift; sourceTree = "<group>"; };
		DDDD37B22C696BB600A74D0F /* CongratulationsView.swift */ = {isa = PBXFileReference; lastKnownFileType = sourcecode.swift; path = CongratulationsView.swift; sourceTree = "<group>"; };
		DDDD37B62C696CC100A74D0F /* StreakStatusView.swift */ = {isa = PBXFileReference; lastKnownFileType = sourcecode.swift; path = StreakStatusView.swift; sourceTree = "<group>"; };
		DDDD37C12C69721800A74D0F /* Folder function.swift */ = {isa = PBXFileReference; lastKnownFileType = sourcecode.swift; path = "Folder function.swift"; sourceTree = "<group>"; };
		DDDD37C32C69723400A74D0F /* DeckStore.swift */ = {isa = PBXFileReference; lastKnownFileType = sourcecode.swift; path = DeckStore.swift; sourceTree = "<group>"; };
		DDDD37C92C69746000A74D0F /* Models.swift */ = {isa = PBXFileReference; lastKnownFileType = sourcecode.swift; path = Models.swift; sourceTree = "<group>"; };
		DDDD37CB2C69755200A74D0F /* AIMakerView.swift */ = {isa = PBXFileReference; lastKnownFileType = sourcecode.swift; path = AIMakerView.swift; sourceTree = "<group>"; };
		DDDD37CD2C69762000A74D0F /* FlashcardDetailView.swift */ = {isa = PBXFileReference; lastKnownFileType = sourcecode.swift; path = FlashcardDetailView.swift; sourceTree = "<group>"; };
		DDDD37CF2C69766C00A74D0F /* StatsManager.swift */ = {isa = PBXFileReference; lastKnownFileType = sourcecode.swift; path = StatsManager.swift; sourceTree = "<group>"; };
		DDE424EB2C7288A70019DFBD /* Info.plist */ = {isa = PBXFileReference; lastKnownFileType = text.plist.xml; path = Info.plist; sourceTree = "<group>"; };
		DDE424ED2C72A0160019DFBD /* Edit.swift */ = {isa = PBXFileReference; lastKnownFileType = sourcecode.swift; path = Edit.swift; sourceTree = "<group>"; };
		DDE424EF2C72A59C0019DFBD /* Deck .swift */ = {isa = PBXFileReference; lastKnownFileType = sourcecode.swift; path = "Deck .swift"; sourceTree = "<group>"; };
/* End PBXFileReference section */

/* Begin PBXFrameworksBuildPhase section */
		DD8052622C516509003E6A8D /* Frameworks */ = {
			isa = PBXFrameworksBuildPhase;
			buildActionMask = 2147483647;
			files = (
			);
			runOnlyForDeploymentPostprocessing = 0;
		};
		DD8052732C516511003E6A8D /* Frameworks */ = {
			isa = PBXFrameworksBuildPhase;
			buildActionMask = 2147483647;
			files = (
			);
			runOnlyForDeploymentPostprocessing = 0;
		};
		DD80527D2C516511003E6A8D /* Frameworks */ = {
			isa = PBXFrameworksBuildPhase;
			buildActionMask = 2147483647;
			files = (
			);
			runOnlyForDeploymentPostprocessing = 0;
		};
/* End PBXFrameworksBuildPhase section */

/* Begin PBXGroup section */
		DD037B202C595BF700C8DD13 /* Play */ = {
			isa = PBXGroup;
			children = (
				DD5469902C72124F00ECB58E /* PlayView */,
				DD4AA45C2C5854BD00772EEB /* SettingsPlayView.swift */,
				DDDD37AE2C696B6F00A74D0F /* DeckRow.swift */,
				DDDD37B22C696BB600A74D0F /* CongratulationsView.swift */,
			);
			path = Play;
			sourceTree = "<group>";
		};
		DD5469902C72124F00ECB58E /* PlayView */ = {
			isa = PBXGroup;
			children = (
				DDDD37B02C696B8B00A74D0F /* PlayView.swift */,
				DD54698E2C7211F600ECB58E /* FlashcCard Play.swift */,
				DD665B0B2C73C227001773D2 /* Barra di progressione.swift */,
			);
			path = PlayView;
			sourceTree = "<group>";
		};
		DD80525C2C516509003E6A8D = {
			isa = PBXGroup;
			children = (
				DD8052672C516509003E6A8D /* RealFlashCard */,
				DD8052792C516511003E6A8D /* RealFlashCardTests */,
				DD8052832C516511003E6A8D /* RealFlashCardUITests */,
				DD8FAC412C52BCC100DF8847 /* Nook */,
				DD8FAC3E2C52BCC100DF8847 /* Frameworks */,
				DD8052662C516509003E6A8D /* Products */,
			);
			sourceTree = "<group>";
		};
		DD8052662C516509003E6A8D /* Products */ = {
			isa = PBXGroup;
			children = (
				DD8052652C516509003E6A8D /* RealFlashCard.app */,
				DD8052762C516511003E6A8D /* RealFlashCardTests.xctest */,
				DD8052802C516511003E6A8D /* RealFlashCardUITests.xctest */,
			);
			name = Products;
			sourceTree = "<group>";
		};
		DD8052672C516509003E6A8D /* RealFlashCard */ = {
			isa = PBXGroup;
			children = (
				DD80529E2C517384003E6A8D /* Welcome */,
				DD8FAC652C5708B900DF8847 /* Tab */,
				DD80526E2C51650F003E6A8D /* RealFlashCard.entitlements */,
				DD80526C2C51650F003E6A8D /* Assets.xcassets */,
				DD80526F2C51650F003E6A8D /* Preview Content */,
			);
			path = RealFlashCard;
			sourceTree = "<group>";
		};
		DD80526F2C51650F003E6A8D /* Preview Content */ = {
			isa = PBXGroup;
			children = (
				DD8052702C51650F003E6A8D /* Preview Assets.xcassets */,
			);
			path = "Preview Content";
			sourceTree = "<group>";
		};
		DD8052792C516511003E6A8D /* RealFlashCardTests */ = {
			isa = PBXGroup;
			children = (
				DD80527A2C516511003E6A8D /* RealFlashCardTests.swift */,
			);
			path = RealFlashCardTests;
			sourceTree = "<group>";
		};
		DD8052832C516511003E6A8D /* RealFlashCardUITests */ = {
			isa = PBXGroup;
			children = (
				DD8052842C516511003E6A8D /* RealFlashCardUITests.swift */,
				DD8052862C516511003E6A8D /* RealFlashCardUITestsLaunchTests.swift */,
			);
			path = RealFlashCardUITests;
			sourceTree = "<group>";
		};
		DD80529B2C51714B003E6A8D /* Stats */ = {
			isa = PBXGroup;
			children = (
				DD8052992C517140003E6A8D /* StatsView.swift */,
				DDDD37CF2C69766C00A74D0F /* StatsManager.swift */,
			);
			path = Stats;
			sourceTree = "<group>";
		};
		DD80529E2C517384003E6A8D /* Welcome */ = {
			isa = PBXGroup;
			children = (
				DD8052682C516509003E6A8D /* Main.swift */,
				DD80529C2C517380003E6A8D /* LoadingView.swift */,
				DD8052A12C519BDE003E6A8D /* WelcomeView.swift */,
				DDDD37AC2C69694300A74D0F /* Utilities.swift */,
			);
			path = Welcome;
			sourceTree = "<group>";
		};
		DD8FAC3E2C52BCC100DF8847 /* Frameworks */ = {
			isa = PBXGroup;
			children = (
				DD8FAC3F2C52BCC100DF8847 /* AuthenticationServices.framework */,
			);
			name = Frameworks;
			sourceTree = "<group>";
		};
		DD8FAC412C52BCC100DF8847 /* Nook */ = {
			isa = PBXGroup;
			children = (
				DD8FAC422C52BCC100DF8847 /* AccountAuthenticationModificationViewController.swift */,
				DDE424EB2C7288A70019DFBD /* Info.plist */,
				DD8FAC442C52BCC100DF8847 /* MainInterface.storyboard */,
			);
			path = Nook;
			sourceTree = "<group>";
		};
		DD8FAC572C56859A00DF8847 /* Create */ = {
			isa = PBXGroup;
			children = (
				DD8FAC662C57A68F00DF8847 /* LoadingAIView.swift */,
				DDDD37CD2C69762000A74D0F /* FlashcardDetailView.swift */,
				DDDD37CB2C69755200A74D0F /* AIMakerView.swift */,
			);
			path = Create;
			sourceTree = "<group>";
		};
		DD8FAC642C57083A00DF8847 /* File Manger */ = {
			isa = PBXGroup;
			children = (
				DD8FAC572C56859A00DF8847 /* Create */,
				DDDD37C82C69742000A74D0F /* Files */,
				DDDD37BB2C69718E00A74D0F /* Models */,
			);
			path = "File Manger";
			sourceTree = "<group>";
		};
		DD8FAC652C5708B900DF8847 /* Tab */ = {
			isa = PBXGroup;
			children = (
				DD8052952C51707E003E6A8D /* MainTab.swift */,
				DD3BA74B2C6E563000004CAF /* Test.swift */,
				DDC81B372C528B68005659D5 /* Home */,
				DD8FAC642C57083A00DF8847 /* File Manger */,
				DD80529B2C51714B003E6A8D /* Stats */,
			);
			path = Tab;
			sourceTree = "<group>";
		};
		DDC81B372C528B68005659D5 /* Home */ = {
			isa = PBXGroup;
			children = (
				DDDD37B82C696FEA00A74D0F /* HomePage */,
				DD037B202C595BF700C8DD13 /* Play */,
			);
			path = Home;
			sourceTree = "<group>";
		};
		DDDD37B82C696FEA00A74D0F /* HomePage */ = {
			isa = PBXGroup;
			children = (
				DD80526A2C516509003E6A8D /* HomeView.swift */,
				DDDD37B62C696CC100A74D0F /* StreakStatusView.swift */,
				DDDD37AA2C69168B00A74D0F /* StreakView.swift */,
				DD8FAC4F2C52BDCA00DF8847 /* SettingsView.swift */,
			);
			path = HomePage;
			sourceTree = "<group>";
		};
		DDDD37BB2C69718E00A74D0F /* Models */ = {
			isa = PBXGroup;
			children = (
				DDDD37C92C69746000A74D0F /* Models.swift */,
				DDDD37C12C69721800A74D0F /* Folder function.swift */,
				DDE424EF2C72A59C0019DFBD /* Deck .swift */,
				DDDD37C32C69723400A74D0F /* DeckStore.swift */,
			);
			path = Models;
			sourceTree = "<group>";
		};
		DDDD37C82C69742000A74D0F /* Files */ = {
			isa = PBXGroup;
			children = (
				DD8052972C5170FF003E6A8D /* Folder.swift */,
				DDE424ED2C72A0160019DFBD /* Edit.swift */,
				DD8FAC682C57A6B100DF8847 /* Deck.swift */,
				DD2588632C6A87BE00862B26 /* Icons.swift */,
				DD8FAC622C56FB7400DF8847 /* Flashcard.swift */,
			);
			path = Files;
			sourceTree = "<group>";
		};
/* End PBXGroup section */

/* Begin PBXNativeTarget section */
		DD8052642C516509003E6A8D /* RealFlashCard */ = {
			isa = PBXNativeTarget;
			buildConfigurationList = DD80528A2C516511003E6A8D /* Build configuration list for PBXNativeTarget "RealFlashCard" */;
			buildPhases = (
				DD8052612C516509003E6A8D /* Sources */,
				DD8052622C516509003E6A8D /* Frameworks */,
				DD8052632C516509003E6A8D /* Resources */,
				DD8FAC4E2C52BCC100DF8847 /* Embed Foundation Extensions */,
			);
			buildRules = (
			);
			dependencies = (
			);
			name = RealFlashCard;
			productName = RealFlashCard;
			productReference = DD8052652C516509003E6A8D /* RealFlashCard.app */;
			productType = "com.apple.product-type.application";
		};
		DD8052752C516511003E6A8D /* RealFlashCardTests */ = {
			isa = PBXNativeTarget;
			buildConfigurationList = DD80528D2C516511003E6A8D /* Build configuration list for PBXNativeTarget "RealFlashCardTests" */;
			buildPhases = (
				DD8052722C516511003E6A8D /* Sources */,
				DD8052732C516511003E6A8D /* Frameworks */,
				DD8052742C516511003E6A8D /* Resources */,
			);
			buildRules = (
			);
			dependencies = (
				DD8052782C516511003E6A8D /* PBXTargetDependency */,
			);
			name = RealFlashCardTests;
			productName = RealFlashCardTests;
			productReference = DD8052762C516511003E6A8D /* RealFlashCardTests.xctest */;
			productType = "com.apple.product-type.bundle.unit-test";
		};
		DD80527F2C516511003E6A8D /* RealFlashCardUITests */ = {
			isa = PBXNativeTarget;
			buildConfigurationList = DD8052902C516511003E6A8D /* Build configuration list for PBXNativeTarget "RealFlashCardUITests" */;
			buildPhases = (
				DD80527C2C516511003E6A8D /* Sources */,
				DD80527D2C516511003E6A8D /* Frameworks */,
				DD80527E2C516511003E6A8D /* Resources */,
			);
			buildRules = (
			);
			dependencies = (
				DD8052822C516511003E6A8D /* PBXTargetDependency */,
			);
			name = RealFlashCardUITests;
			productName = RealFlashCardUITests;
			productReference = DD8052802C516511003E6A8D /* RealFlashCardUITests.xctest */;
			productType = "com.apple.product-type.bundle.ui-testing";
		};
/* End PBXNativeTarget section */

/* Begin PBXProject section */
		DD80525D2C516509003E6A8D /* Project object */ = {
			isa = PBXProject;
			attributes = {
				BuildIndependentTargetsInParallel = 1;
				LastSwiftUpdateCheck = 1540;
				LastUpgradeCheck = 1540;
				TargetAttributes = {
					DD8052642C516509003E6A8D = {
						CreatedOnToolsVersion = 15.4;
					};
					DD8052752C516511003E6A8D = {
						CreatedOnToolsVersion = 15.4;
						TestTargetID = DD8052642C516509003E6A8D;
					};
					DD80527F2C516511003E6A8D = {
						CreatedOnToolsVersion = 15.4;
						TestTargetID = DD8052642C516509003E6A8D;
					};
				};
			};
			buildConfigurationList = DD8052602C516509003E6A8D /* Build configuration list for PBXProject "RealFlashCard" */;
			compatibilityVersion = "Xcode 14.0";
			developmentRegion = en;
			hasScannedForEncodings = 0;
			knownRegions = (
				en,
				Base,
				fr,
			);
			mainGroup = DD80525C2C516509003E6A8D;
			productRefGroup = DD8052662C516509003E6A8D /* Products */;
			projectDirPath = "";
			projectRoot = "";
			targets = (
				DD8052642C516509003E6A8D /* RealFlashCard */,
				DD8052752C516511003E6A8D /* RealFlashCardTests */,
				DD80527F2C516511003E6A8D /* RealFlashCardUITests */,
			);
		};
/* End PBXProject section */

/* Begin PBXResourcesBuildPhase section */
		DD8052632C516509003E6A8D /* Resources */ = {
			isa = PBXResourcesBuildPhase;
			buildActionMask = 2147483647;
			files = (
				DD8052712C51650F003E6A8D /* Preview Assets.xcassets in Resources */,
				DD80526D2C51650F003E6A8D /* Assets.xcassets in Resources */,
			);
			runOnlyForDeploymentPostprocessing = 0;
		};
		DD8052742C516511003E6A8D /* Resources */ = {
			isa = PBXResourcesBuildPhase;
			buildActionMask = 2147483647;
			files = (
			);
			runOnlyForDeploymentPostprocessing = 0;
		};
		DD80527E2C516511003E6A8D /* Resources */ = {
			isa = PBXResourcesBuildPhase;
			buildActionMask = 2147483647;
			files = (
			);
			runOnlyForDeploymentPostprocessing = 0;
		};
/* End PBXResourcesBuildPhase section */

/* Begin PBXSourcesBuildPhase section */
		DD8052612C516509003E6A8D /* Sources */ = {
			isa = PBXSourcesBuildPhase;
			buildActionMask = 2147483647;
			files = (
				DD2588642C6A87BE00862B26 /* Icons.swift in Sources */,
				DDDD37C22C69721800A74D0F /* Folder function.swift in Sources */,
				DD8FAC692C57A6B100DF8847 /* Deck.swift in Sources */,
				DDDD37CE2C69762000A74D0F /* FlashcardDetailView.swift in Sources */,
				DD8052982C5170FF003E6A8D /* Folder.swift in Sources */,
				DD80529A2C517140003E6A8D /* StatsView.swift in Sources */,
				DDDD37C42C69723400A74D0F /* DeckStore.swift in Sources */,
				DDDD37B72C696CC100A74D0F /* StreakStatusView.swift in Sources */,
				DDDD37CC2C69755200A74D0F /* AIMakerView.swift in Sources */,
				DDDD37AF2C696B6F00A74D0F /* DeckRow.swift in Sources */,
				DDDD37AB2C69168B00A74D0F /* StreakView.swift in Sources */,
				DD8FAC502C52BDCA00DF8847 /* SettingsView.swift in Sources */,
				DD80526B2C516509003E6A8D /* HomeView.swift in Sources */,
				DD8052692C516509003E6A8D /* Main.swift in Sources */,
				DDDD37CA2C69746000A74D0F /* Models.swift in Sources */,
				DD8FAC672C57A68F00DF8847 /* LoadingAIView.swift in Sources */,
				DD8052962C51707E003E6A8D /* MainTab.swift in Sources */,
				DDDD37B12C696B8B00A74D0F /* PlayView.swift in Sources */,
				DD4AA45D2C5854BD00772EEB /* SettingsPlayView.swift in Sources */,
				DDDD37B32C696BB600A74D0F /* CongratulationsView.swift in Sources */,
				DDDD37D02C69766C00A74D0F /* StatsManager.swift in Sources */,
				DD3BA74C2C6E563000004CAF /* Test.swift in Sources */,
				DDE424EE2C72A0160019DFBD /* Edit.swift in Sources */,
				DD8FAC632C56FB7400DF8847 /* Flashcard.swift in Sources */,
				DD80529D2C517380003E6A8D /* LoadingView.swift in Sources */,
				DD665B0C2C73C227001773D2 /* Barra di progressione.swift in Sources */,
				DD8052A22C519BDE003E6A8D /* WelcomeView.swift in Sources */,
				DDE424F02C72A59C0019DFBD /* Deck .swift in Sources */,
				DDDD37AD2C69694300A74D0F /* Utilities.swift in Sources */,
				DD54698F2C7211F600ECB58E /* FlashcCard Play.swift in Sources */,
			);
			runOnlyForDeploymentPostprocessing = 0;
		};
		DD8052722C516511003E6A8D /* Sources */ = {
			isa = PBXSourcesBuildPhase;
			buildActionMask = 2147483647;
			files = (
				DD80527B2C516511003E6A8D /* RealFlashCardTests.swift in Sources */,
			);
			runOnlyForDeploymentPostprocessing = 0;
		};
		DD80527C2C516511003E6A8D /* Sources */ = {
			isa = PBXSourcesBuildPhase;
			buildActionMask = 2147483647;
			files = (
				DD8052852C516511003E6A8D /* RealFlashCardUITests.swift in Sources */,
				DD8052872C516511003E6A8D /* RealFlashCardUITestsLaunchTests.swift in Sources */,
			);
			runOnlyForDeploymentPostprocessing = 0;
		};
/* End PBXSourcesBuildPhase section */

/* Begin PBXTargetDependency section */
		DD8052782C516511003E6A8D /* PBXTargetDependency */ = {
			isa = PBXTargetDependency;
			target = DD8052642C516509003E6A8D /* RealFlashCard */;
			targetProxy = DD8052772C516511003E6A8D /* PBXContainerItemProxy */;
		};
		DD8052822C516511003E6A8D /* PBXTargetDependency */ = {
			isa = PBXTargetDependency;
			target = DD8052642C516509003E6A8D /* RealFlashCard */;
			targetProxy = DD8052812C516511003E6A8D /* PBXContainerItemProxy */;
		};
/* End PBXTargetDependency section */

/* Begin PBXVariantGroup section */
		DD8FAC442C52BCC100DF8847 /* MainInterface.storyboard */ = {
			isa = PBXVariantGroup;
			children = (
				DD8FAC452C52BCC100DF8847 /* Base */,
			);
			name = MainInterface.storyboard;
			sourceTree = "<group>";
		};
/* End PBXVariantGroup section */

/* Begin XCBuildConfiguration section */
		DD8052882C516511003E6A8D /* Debug */ = {
			isa = XCBuildConfiguration;
			buildSettings = {
				ALWAYS_SEARCH_USER_PATHS = NO;
				ASSETCATALOG_COMPILER_GENERATE_SWIFT_ASSET_SYMBOL_EXTENSIONS = YES;
				CLANG_ANALYZER_LOCALIZABILITY_NONLOCALIZED = YES;
				CLANG_ANALYZER_NONNULL = YES;
				CLANG_ANALYZER_NUMBER_OBJECT_CONVERSION = YES_AGGRESSIVE;
				CLANG_CXX_LANGUAGE_STANDARD = "gnu++20";
				CLANG_ENABLE_MODULES = YES;
				CLANG_ENABLE_OBJC_ARC = YES;
				CLANG_ENABLE_OBJC_WEAK = YES;
				CLANG_WARN_BLOCK_CAPTURE_AUTORELEASING = YES;
				CLANG_WARN_BOOL_CONVERSION = YES;
				CLANG_WARN_COMMA = YES;
				CLANG_WARN_CONSTANT_CONVERSION = YES;
				CLANG_WARN_DEPRECATED_OBJC_IMPLEMENTATIONS = YES;
				CLANG_WARN_DIRECT_OBJC_ISA_USAGE = YES_ERROR;
				CLANG_WARN_DOCUMENTATION_COMMENTS = YES;
				CLANG_WARN_EMPTY_BODY = YES;
				CLANG_WARN_ENUM_CONVERSION = YES;
				CLANG_WARN_INFINITE_RECURSION = YES;
				CLANG_WARN_INT_CONVERSION = YES;
				CLANG_WARN_NON_LITERAL_NULL_CONVERSION = YES;
				CLANG_WARN_OBJC_IMPLICIT_RETAIN_SELF = YES;
				CLANG_WARN_OBJC_LITERAL_CONVERSION = YES;
				CLANG_WARN_OBJC_ROOT_CLASS = YES_ERROR;
				CLANG_WARN_QUOTED_INCLUDE_IN_FRAMEWORK_HEADER = YES;
				CLANG_WARN_RANGE_LOOP_ANALYSIS = YES;
				CLANG_WARN_STRICT_PROTOTYPES = YES;
				CLANG_WARN_SUSPICIOUS_MOVE = YES;
				CLANG_WARN_UNGUARDED_AVAILABILITY = YES_AGGRESSIVE;
				CLANG_WARN_UNREACHABLE_CODE = YES;
				CLANG_WARN__DUPLICATE_METHOD_MATCH = YES;
				COPY_PHASE_STRIP = NO;
				DEBUG_INFORMATION_FORMAT = dwarf;
				ENABLE_STRICT_OBJC_MSGSEND = YES;
				ENABLE_TESTABILITY = YES;
				ENABLE_USER_SCRIPT_SANDBOXING = YES;
				GCC_C_LANGUAGE_STANDARD = gnu17;
				GCC_DYNAMIC_NO_PIC = NO;
				GCC_NO_COMMON_BLOCKS = YES;
				GCC_OPTIMIZATION_LEVEL = 0;
				GCC_PREPROCESSOR_DEFINITIONS = (
					"DEBUG=1",
					"$(inherited)",
				);
				GCC_WARN_64_TO_32_BIT_CONVERSION = YES;
				GCC_WARN_ABOUT_RETURN_TYPE = YES_ERROR;
				GCC_WARN_UNDECLARED_SELECTOR = YES;
				GCC_WARN_UNINITIALIZED_AUTOS = YES_AGGRESSIVE;
				GCC_WARN_UNUSED_FUNCTION = YES;
				GCC_WARN_UNUSED_VARIABLE = YES;
				IPHONEOS_DEPLOYMENT_TARGET = 18.0;
				LOCALIZATION_PREFERS_STRING_CATALOGS = YES;
				MTL_ENABLE_DEBUG_INFO = INCLUDE_SOURCE;
				MTL_FAST_MATH = YES;
				ONLY_ACTIVE_ARCH = YES;
				SWIFT_ACTIVE_COMPILATION_CONDITIONS = "DEBUG $(inherited)";
				SWIFT_OPTIMIZATION_LEVEL = "-Onone";
			};
			name = Debug;
		};
		DD8052892C516511003E6A8D /* Release */ = {
			isa = XCBuildConfiguration;
			buildSettings = {
				ALWAYS_SEARCH_USER_PATHS = NO;
				ASSETCATALOG_COMPILER_GENERATE_SWIFT_ASSET_SYMBOL_EXTENSIONS = YES;
				CLANG_ANALYZER_LOCALIZABILITY_NONLOCALIZED = YES;
				CLANG_ANALYZER_NONNULL = YES;
				CLANG_ANALYZER_NUMBER_OBJECT_CONVERSION = YES_AGGRESSIVE;
				CLANG_CXX_LANGUAGE_STANDARD = "gnu++20";
				CLANG_ENABLE_MODULES = YES;
				CLANG_ENABLE_OBJC_ARC = YES;
				CLANG_ENABLE_OBJC_WEAK = YES;
				CLANG_WARN_BLOCK_CAPTURE_AUTORELEASING = YES;
				CLANG_WARN_BOOL_CONVERSION = YES;
				CLANG_WARN_COMMA = YES;
				CLANG_WARN_CONSTANT_CONVERSION = YES;
				CLANG_WARN_DEPRECATED_OBJC_IMPLEMENTATIONS = YES;
				CLANG_WARN_DIRECT_OBJC_ISA_USAGE = YES_ERROR;
				CLANG_WARN_DOCUMENTATION_COMMENTS = YES;
				CLANG_WARN_EMPTY_BODY = YES;
				CLANG_WARN_ENUM_CONVERSION = YES;
				CLANG_WARN_INFINITE_RECURSION = YES;
				CLANG_WARN_INT_CONVERSION = YES;
				CLANG_WARN_NON_LITERAL_NULL_CONVERSION = YES;
				CLANG_WARN_OBJC_IMPLICIT_RETAIN_SELF = YES;
				CLANG_WARN_OBJC_LITERAL_CONVERSION = YES;
				CLANG_WARN_OBJC_ROOT_CLASS = YES_ERROR;
				CLANG_WARN_QUOTED_INCLUDE_IN_FRAMEWORK_HEADER = YES;
				CLANG_WARN_RANGE_LOOP_ANALYSIS = YES;
				CLANG_WARN_STRICT_PROTOTYPES = YES;
				CLANG_WARN_SUSPICIOUS_MOVE = YES;
				CLANG_WARN_UNGUARDED_AVAILABILITY = YES_AGGRESSIVE;
				CLANG_WARN_UNREACHABLE_CODE = YES;
				CLANG_WARN__DUPLICATE_METHOD_MATCH = YES;
				COPY_PHASE_STRIP = NO;
				DEBUG_INFORMATION_FORMAT = "dwarf-with-dsym";
				ENABLE_NS_ASSERTIONS = NO;
				ENABLE_STRICT_OBJC_MSGSEND = YES;
				ENABLE_USER_SCRIPT_SANDBOXING = YES;
				GCC_C_LANGUAGE_STANDARD = gnu17;
				GCC_NO_COMMON_BLOCKS = YES;
				GCC_WARN_64_TO_32_BIT_CONVERSION = YES;
				GCC_WARN_ABOUT_RETURN_TYPE = YES_ERROR;
				GCC_WARN_UNDECLARED_SELECTOR = YES;
				GCC_WARN_UNINITIALIZED_AUTOS = YES_AGGRESSIVE;
				GCC_WARN_UNUSED_FUNCTION = YES;
				GCC_WARN_UNUSED_VARIABLE = YES;
				IPHONEOS_DEPLOYMENT_TARGET = 18.0;
				LOCALIZATION_PREFERS_STRING_CATALOGS = YES;
				MTL_ENABLE_DEBUG_INFO = NO;
				MTL_FAST_MATH = YES;
				SWIFT_COMPILATION_MODE = wholemodule;
			};
			name = Release;
		};
		DD80528B2C516511003E6A8D /* Debug */ = {
			isa = XCBuildConfiguration;
			buildSettings = {
				ALWAYS_EMBED_SWIFT_STANDARD_LIBRARIES = YES;
				ASSETCATALOG_COMPILER_ALTERNATE_APPICON_NAMES = "";
				ASSETCATALOG_COMPILER_APPICON_NAME = AppIcon;
				ASSETCATALOG_COMPILER_GLOBAL_ACCENT_COLOR_NAME = AccentColor;
				ASSETCATALOG_COMPILER_INCLUDE_ALL_APPICON_ASSETS = NO;
				CODE_SIGN_ENTITLEMENTS = RealFlashCard/RealFlashCard.entitlements;
				CODE_SIGN_STYLE = Automatic;
				CURRENT_PROJECT_VERSION = 1;
				DEVELOPMENT_ASSET_PATHS = "\"RealFlashCard/Preview Content\"";
				DEVELOPMENT_TEAM = Y7WGH65LKZ;
				ENABLE_HARDENED_RUNTIME = YES;
				ENABLE_PREVIEWS = YES;
				GENERATE_INFOPLIST_FILE = YES;
				"INFOPLIST_KEY_UIApplicationSceneManifest_Generation[sdk=iphoneos*]" = YES;
				"INFOPLIST_KEY_UIApplicationSceneManifest_Generation[sdk=iphonesimulator*]" = YES;
				"INFOPLIST_KEY_UIApplicationSupportsIndirectInputEvents[sdk=iphoneos*]" = YES;
				"INFOPLIST_KEY_UIApplicationSupportsIndirectInputEvents[sdk=iphonesimulator*]" = YES;
				"INFOPLIST_KEY_UILaunchScreen_Generation[sdk=iphoneos*]" = YES;
				"INFOPLIST_KEY_UILaunchScreen_Generation[sdk=iphonesimulator*]" = YES;
				"INFOPLIST_KEY_UIStatusBarStyle[sdk=iphoneos*]" = UIStatusBarStyleDefault;
				"INFOPLIST_KEY_UIStatusBarStyle[sdk=iphonesimulator*]" = UIStatusBarStyleDefault;
				INFOPLIST_KEY_UISupportedInterfaceOrientations_iPad = "UIInterfaceOrientationPortrait UIInterfaceOrientationPortraitUpsideDown UIInterfaceOrientationLandscapeLeft UIInterfaceOrientationLandscapeRight";
				INFOPLIST_KEY_UISupportedInterfaceOrientations_iPhone = "UIInterfaceOrientationPortrait UIInterfaceOrientationLandscapeLeft UIInterfaceOrientationLandscapeRight";
				IPHONEOS_DEPLOYMENT_TARGET = 18.0;
				LD_RUNPATH_SEARCH_PATHS = "@executable_path/Frameworks";
				"LD_RUNPATH_SEARCH_PATHS[sdk=macosx*]" = "@executable_path/../Frameworks";
				MACOSX_DEPLOYMENT_TARGET = 14.5;
				MARKETING_VERSION = 1.0;
				PRODUCT_BUNDLE_IDENTIFIER = Apple.RealFlashCard;
				PRODUCT_NAME = "$(TARGET_NAME)";
				SDKROOT = auto;
				SUPPORTED_PLATFORMS = "iphoneos iphonesimulator macosx";
				SWIFT_EMIT_LOC_STRINGS = YES;
				SWIFT_VERSION = 5.0;
				TARGETED_DEVICE_FAMILY = "1,2";
			};
			name = Debug;
		};
		DD80528C2C516511003E6A8D /* Release */ = {
			isa = XCBuildConfiguration;
			buildSettings = {
				ALWAYS_EMBED_SWIFT_STANDARD_LIBRARIES = YES;
				ASSETCATALOG_COMPILER_ALTERNATE_APPICON_NAMES = "";
				ASSETCATALOG_COMPILER_APPICON_NAME = AppIcon;
				ASSETCATALOG_COMPILER_GLOBAL_ACCENT_COLOR_NAME = AccentColor;
				ASSETCATALOG_COMPILER_INCLUDE_ALL_APPICON_ASSETS = NO;
				CODE_SIGN_ENTITLEMENTS = RealFlashCard/RealFlashCard.entitlements;
				CODE_SIGN_STYLE = Automatic;
				CURRENT_PROJECT_VERSION = 1;
				DEVELOPMENT_ASSET_PATHS = "\"RealFlashCard/Preview Content\"";
				DEVELOPMENT_TEAM = Y7WGH65LKZ;
				ENABLE_HARDENED_RUNTIME = YES;
				ENABLE_PREVIEWS = YES;
				GENERATE_INFOPLIST_FILE = YES;
				"INFOPLIST_KEY_UIApplicationSceneManifest_Generation[sdk=iphoneos*]" = YES;
				"INFOPLIST_KEY_UIApplicationSceneManifest_Generation[sdk=iphonesimulator*]" = YES;
				"INFOPLIST_KEY_UIApplicationSupportsIndirectInputEvents[sdk=iphoneos*]" = YES;
				"INFOPLIST_KEY_UIApplicationSupportsIndirectInputEvents[sdk=iphonesimulator*]" = YES;
				"INFOPLIST_KEY_UILaunchScreen_Generation[sdk=iphoneos*]" = YES;
				"INFOPLIST_KEY_UILaunchScreen_Generation[sdk=iphonesimulator*]" = YES;
				"INFOPLIST_KEY_UIStatusBarStyle[sdk=iphoneos*]" = UIStatusBarStyleDefault;
				"INFOPLIST_KEY_UIStatusBarStyle[sdk=iphonesimulator*]" = UIStatusBarStyleDefault;
				INFOPLIST_KEY_UISupportedInterfaceOrientations_iPad = "UIInterfaceOrientationPortrait UIInterfaceOrientationPortraitUpsideDown UIInterfaceOrientationLandscapeLeft UIInterfaceOrientationLandscapeRight";
				INFOPLIST_KEY_UISupportedInterfaceOrientations_iPhone = "UIInterfaceOrientationPortrait UIInterfaceOrientationLandscapeLeft UIInterfaceOrientationLandscapeRight";
				IPHONEOS_DEPLOYMENT_TARGET = 18.0;
				LD_RUNPATH_SEARCH_PATHS = "@executable_path/Frameworks";
				"LD_RUNPATH_SEARCH_PATHS[sdk=macosx*]" = "@executable_path/../Frameworks";
				MACOSX_DEPLOYMENT_TARGET = 14.5;
				MARKETING_VERSION = 1.0;
				PRODUCT_BUNDLE_IDENTIFIER = Apple.RealFlashCard;
				PRODUCT_NAME = "$(TARGET_NAME)";
				SDKROOT = auto;
				SUPPORTED_PLATFORMS = "iphoneos iphonesimulator macosx";
				SWIFT_EMIT_LOC_STRINGS = YES;
				SWIFT_VERSION = 5.0;
				TARGETED_DEVICE_FAMILY = "1,2";
			};
			name = Release;
		};
		DD80528E2C516511003E6A8D /* Debug */ = {
			isa = XCBuildConfiguration;
			buildSettings = {
				ALWAYS_EMBED_SWIFT_STANDARD_LIBRARIES = YES;
				BUNDLE_LOADER = "$(TEST_HOST)";
				CODE_SIGN_STYLE = Automatic;
				CURRENT_PROJECT_VERSION = 1;
				DEVELOPMENT_TEAM = Y7WGH65LKZ;
				GENERATE_INFOPLIST_FILE = YES;
				IPHONEOS_DEPLOYMENT_TARGET = 17.5;
				MACOSX_DEPLOYMENT_TARGET = 14.5;
				MARKETING_VERSION = 1.0;
				PRODUCT_BUNDLE_IDENTIFIER = Apple.RealFlashCardTests;
				PRODUCT_NAME = "$(TARGET_NAME)";
				SDKROOT = auto;
				SUPPORTED_PLATFORMS = "iphoneos iphonesimulator macosx";
				SWIFT_EMIT_LOC_STRINGS = NO;
				SWIFT_VERSION = 5.0;
				TARGETED_DEVICE_FAMILY = "1,2";
				TEST_HOST = "$(BUILT_PRODUCTS_DIR)/RealFlashCard.app/$(BUNDLE_EXECUTABLE_FOLDER_PATH)/RealFlashCard";
			};
			name = Debug;
		};
		DD80528F2C516511003E6A8D /* Release */ = {
			isa = XCBuildConfiguration;
			buildSettings = {
				ALWAYS_EMBED_SWIFT_STANDARD_LIBRARIES = YES;
				BUNDLE_LOADER = "$(TEST_HOST)";
				CODE_SIGN_STYLE = Automatic;
				CURRENT_PROJECT_VERSION = 1;
				DEVELOPMENT_TEAM = Y7WGH65LKZ;
				GENERATE_INFOPLIST_FILE = YES;
				IPHONEOS_DEPLOYMENT_TARGET = 17.5;
				MACOSX_DEPLOYMENT_TARGET = 14.5;
				MARKETING_VERSION = 1.0;
				PRODUCT_BUNDLE_IDENTIFIER = Apple.RealFlashCardTests;
				PRODUCT_NAME = "$(TARGET_NAME)";
				SDKROOT = auto;
				SUPPORTED_PLATFORMS = "iphoneos iphonesimulator macosx";
				SWIFT_EMIT_LOC_STRINGS = NO;
				SWIFT_VERSION = 5.0;
				TARGETED_DEVICE_FAMILY = "1,2";
				TEST_HOST = "$(BUILT_PRODUCTS_DIR)/RealFlashCard.app/$(BUNDLE_EXECUTABLE_FOLDER_PATH)/RealFlashCard";
			};
			name = Release;
		};
		DD8052912C516511003E6A8D /* Debug */ = {
			isa = XCBuildConfiguration;
			buildSettings = {
				ALWAYS_EMBED_SWIFT_STANDARD_LIBRARIES = YES;
				CODE_SIGN_STYLE = Automatic;
				CURRENT_PROJECT_VERSION = 1;
				DEVELOPMENT_TEAM = Y7WGH65LKZ;
				GENERATE_INFOPLIST_FILE = YES;
				IPHONEOS_DEPLOYMENT_TARGET = 17.5;
				MACOSX_DEPLOYMENT_TARGET = 14.5;
				MARKETING_VERSION = 1.0;
				PRODUCT_BUNDLE_IDENTIFIER = Apple.RealFlashCardUITests;
				PRODUCT_NAME = "$(TARGET_NAME)";
				SDKROOT = auto;
				SUPPORTED_PLATFORMS = "iphoneos iphonesimulator macosx";
				SWIFT_EMIT_LOC_STRINGS = NO;
				SWIFT_VERSION = 5.0;
				TARGETED_DEVICE_FAMILY = "1,2";
				TEST_TARGET_NAME = RealFlashCard;
			};
			name = Debug;
		};
		DD8052922C516511003E6A8D /* Release */ = {
			isa = XCBuildConfiguration;
			buildSettings = {
				ALWAYS_EMBED_SWIFT_STANDARD_LIBRARIES = YES;
				CODE_SIGN_STYLE = Automatic;
				CURRENT_PROJECT_VERSION = 1;
				DEVELOPMENT_TEAM = Y7WGH65LKZ;
				GENERATE_INFOPLIST_FILE = YES;
				IPHONEOS_DEPLOYMENT_TARGET = 17.5;
				MACOSX_DEPLOYMENT_TARGET = 14.5;
				MARKETING_VERSION = 1.0;
				PRODUCT_BUNDLE_IDENTIFIER = Apple.RealFlashCardUITests;
				PRODUCT_NAME = "$(TARGET_NAME)";
				SDKROOT = auto;
				SUPPORTED_PLATFORMS = "iphoneos iphonesimulator macosx";
				SWIFT_EMIT_LOC_STRINGS = NO;
				SWIFT_VERSION = 5.0;
				TARGETED_DEVICE_FAMILY = "1,2";
				TEST_TARGET_NAME = RealFlashCard;
			};
			name = Release;
		};
/* End XCBuildConfiguration section */

/* Begin XCConfigurationList section */
		DD8052602C516509003E6A8D /* Build configuration list for PBXProject "RealFlashCard" */ = {
			isa = XCConfigurationList;
			buildConfigurations = (
				DD8052882C516511003E6A8D /* Debug */,
				DD8052892C516511003E6A8D /* Release */,
			);
			defaultConfigurationIsVisible = 0;
			defaultConfigurationName = Release;
		};
		DD80528A2C516511003E6A8D /* Build configuration list for PBXNativeTarget "RealFlashCard" */ = {
			isa = XCConfigurationList;
			buildConfigurations = (
				DD80528B2C516511003E6A8D /* Debug */,
				DD80528C2C516511003E6A8D /* Release */,
			);
			defaultConfigurationIsVisible = 0;
			defaultConfigurationName = Release;
		};
		DD80528D2C516511003E6A8D /* Build configuration list for PBXNativeTarget "RealFlashCardTests" */ = {
			isa = XCConfigurationList;
			buildConfigurations = (
				DD80528E2C516511003E6A8D /* Debug */,
				DD80528F2C516511003E6A8D /* Release */,
			);
			defaultConfigurationIsVisible = 0;
			defaultConfigurationName = Release;
		};
		DD8052902C516511003E6A8D /* Build configuration list for PBXNativeTarget "RealFlashCardUITests" */ = {
			isa = XCConfigurationList;
			buildConfigurations = (
				DD8052912C516511003E6A8D /* Debug */,
				DD8052922C516511003E6A8D /* Release */,
			);
			defaultConfigurationIsVisible = 0;
			defaultConfigurationName = Release;
		};
/* End XCConfigurationList section */
	};
	rootObject = DD80525D2C516509003E6A8D /* Project object */;
}
